// !$*UTF8*$!
{
	archiveVersion = 1;
	classes = {
	};
	objectVersion = 50;
	objects = {

/* Begin PBXBuildFile section */
		B6B274F125279B680027C839 /* AppDelegate.swift in Sources */ = {isa = PBXBuildFile; fileRef = B6B274F025279B680027C839 /* AppDelegate.swift */; };
		B6B274F325279B680027C839 /* SceneDelegate.swift in Sources */ = {isa = PBXBuildFile; fileRef = B6B274F225279B680027C839 /* SceneDelegate.swift */; };
		B6B274F525279B680027C839 /* ContentView.swift in Sources */ = {isa = PBXBuildFile; fileRef = B6B274F425279B680027C839 /* ContentView.swift */; };
		B6B274F725279B6E0027C839 /* Assets.xcassets in Resources */ = {isa = PBXBuildFile; fileRef = B6B274F625279B6E0027C839 /* Assets.xcassets */; };
		B6B274FA25279B6E0027C839 /* Preview Assets.xcassets in Resources */ = {isa = PBXBuildFile; fileRef = B6B274F925279B6E0027C839 /* Preview Assets.xcassets */; };
		B6B274FD25279B6E0027C839 /* LaunchScreen.storyboard in Resources */ = {isa = PBXBuildFile; fileRef = B6B274FB25279B6E0027C839 /* LaunchScreen.storyboard */; };
		B6B2750825279B6E0027C839 /* ControlFlowAppTests.swift in Sources */ = {isa = PBXBuildFile; fileRef = B6B2750725279B6E0027C839 /* ControlFlowAppTests.swift */; };
		B6B2751325279C7C0027C839 /* ControlFlowAPI.swift in Sources */ = {isa = PBXBuildFile; fileRef = B6B2751225279C7C0027C839 /* ControlFlowAPI.swift */; };
		B6B2751725279D2F0027C839 /* Some.swift in Sources */ = {isa = PBXBuildFile; fileRef = B6B2751625279D2F0027C839 /* Some.swift */; };
/* End PBXBuildFile section */

/* Begin PBXContainerItemProxy section */
		B6B2750425279B6E0027C839 /* PBXContainerItemProxy */ = {
			isa = PBXContainerItemProxy;
			containerPortal = B6B274E525279B680027C839 /* Project object */;
			proxyType = 1;
			remoteGlobalIDString = B6B274EC25279B680027C839;
			remoteInfo = ControlFlowApp;
		};
/* End PBXContainerItemProxy section */

/* Begin PBXFileReference section */
		B6B274ED25279B680027C839 /* ControlFlowApp.app */ = {isa = PBXFileReference; explicitFileType = wrapper.application; includeInIndex = 0; path = ControlFlowApp.app; sourceTree = BUILT_PRODUCTS_DIR; };
		B6B274F025279B680027C839 /* AppDelegate.swift */ = {isa = PBXFileReference; lastKnownFileType = sourcecode.swift; path = AppDelegate.swift; sourceTree = "<group>"; };
		B6B274F225279B680027C839 /* SceneDelegate.swift */ = {isa = PBXFileReference; lastKnownFileType = sourcecode.swift; path = SceneDelegate.swift; sourceTree = "<group>"; };
		B6B274F425279B680027C839 /* ContentView.swift */ = {isa = PBXFileReference; lastKnownFileType = sourcecode.swift; path = ContentView.swift; sourceTree = "<group>"; };
		B6B274F625279B6E0027C839 /* Assets.xcassets */ = {isa = PBXFileReference; lastKnownFileType = folder.assetcatalog; path = Assets.xcassets; sourceTree = "<group>"; };
		B6B274F925279B6E0027C839 /* Preview Assets.xcassets */ = {isa = PBXFileReference; lastKnownFileType = folder.assetcatalog; path = "Preview Assets.xcassets"; sourceTree = "<group>"; };
		B6B274FC25279B6E0027C839 /* Base */ = {isa = PBXFileReference; lastKnownFileType = file.storyboard; name = Base; path = Base.lproj/LaunchScreen.storyboard; sourceTree = "<group>"; };
		B6B274FE25279B6E0027C839 /* Info.plist */ = {isa = PBXFileReference; lastKnownFileType = text.plist.xml; path = Info.plist; sourceTree = "<group>"; };
		B6B2750325279B6E0027C839 /* ControlFlowAppTests.xctest */ = {isa = PBXFileReference; explicitFileType = wrapper.cfbundle; includeInIndex = 0; path = ControlFlowAppTests.xctest; sourceTree = BUILT_PRODUCTS_DIR; };
		B6B2750725279B6E0027C839 /* ControlFlowAppTests.swift */ = {isa = PBXFileReference; lastKnownFileType = sourcecode.swift; path = ControlFlowAppTests.swift; sourceTree = "<group>"; };
		B6B2750925279B6E0027C839 /* Info.plist */ = {isa = PBXFileReference; lastKnownFileType = text.plist.xml; path = Info.plist; sourceTree = "<group>"; };
		B6B2751225279C7C0027C839 /* ControlFlowAPI.swift */ = {isa = PBXFileReference; lastKnownFileType = sourcecode.swift; path = ControlFlowAPI.swift; sourceTree = "<group>"; };
		B6B2751625279D2F0027C839 /* Some.swift */ = {isa = PBXFileReference; lastKnownFileType = sourcecode.swift; path = Some.swift; sourceTree = "<group>"; };
/* End PBXFileReference section */

/* Begin PBXFrameworksBuildPhase section */
		B6B274EA25279B680027C839 /* Frameworks */ = {
			isa = PBXFrameworksBuildPhase;
			buildActionMask = 2147483647;
			files = (
			);
			runOnlyForDeploymentPostprocessing = 0;
		};
		B6B2750025279B6E0027C839 /* Frameworks */ = {
			isa = PBXFrameworksBuildPhase;
			buildActionMask = 2147483647;
			files = (
			);
			runOnlyForDeploymentPostprocessing = 0;
		};
/* End PBXFrameworksBuildPhase section */

/* Begin PBXGroup section */
		B6B274E425279B680027C839 = {
			isa = PBXGroup;
			children = (
				B6B274EF25279B680027C839 /* ControlFlowApp */,
				B6B2750625279B6E0027C839 /* ControlFlowAppTests */,
				B6B274EE25279B680027C839 /* Products */,
			);
			sourceTree = "<group>";
		};
		B6B274EE25279B680027C839 /* Products */ = {
			isa = PBXGroup;
			children = (
				B6B274ED25279B680027C839 /* ControlFlowApp.app */,
				B6B2750325279B6E0027C839 /* ControlFlowAppTests.xctest */,
			);
			name = Products;
			sourceTree = "<group>";
		};
		B6B274EF25279B680027C839 /* ControlFlowApp */ = {
			isa = PBXGroup;
			children = (
				B6B2751425279CE60027C839 /* ControlFlowAPI */,
				B6B274F025279B680027C839 /* AppDelegate.swift */,
				B6B274F225279B680027C839 /* SceneDelegate.swift */,
				B6B274F425279B680027C839 /* ContentView.swift */,
				B6B274F625279B6E0027C839 /* Assets.xcassets */,
				B6B274FB25279B6E0027C839 /* LaunchScreen.storyboard */,
				B6B274FE25279B6E0027C839 /* Info.plist */,
				B6B274F825279B6E0027C839 /* Preview Content */,
			);
			path = ControlFlowApp;
			sourceTree = "<group>";
		};
		B6B274F825279B6E0027C839 /* Preview Content */ = {
			isa = PBXGroup;
			children = (
				B6B274F925279B6E0027C839 /* Preview Assets.xcassets */,
			);
			path = "Preview Content";
			sourceTree = "<group>";
		};
		B6B2750625279B6E0027C839 /* ControlFlowAppTests */ = {
			isa = PBXGroup;
			children = (
				B6B2750725279B6E0027C839 /* ControlFlowAppTests.swift */,
				B6B2750925279B6E0027C839 /* Info.plist */,
			);
			path = ControlFlowAppTests;
			sourceTree = "<group>";
		};
		B6B2751425279CE60027C839 /* ControlFlowAPI */ = {
			isa = PBXGroup;
			children = (
				B6B2751225279C7C0027C839 /* ControlFlowAPI.swift */,
				B6B2751625279D2F0027C839 /* Some.swift */,
			);
			path = ControlFlowAPI;
			sourceTree = "<group>";
		};
/* End PBXGroup section */

/* Begin PBXNativeTarget section */
		B6B274EC25279B680027C839 /* ControlFlowApp */ = {
			isa = PBXNativeTarget;
			buildConfigurationList = B6B2750C25279B6E0027C839 /* Build configuration list for PBXNativeTarget "ControlFlowApp" */;
			buildPhases = (
				B6B274E925279B680027C839 /* Sources */,
				B6B274EA25279B680027C839 /* Frameworks */,
				B6B274EB25279B680027C839 /* Resources */,
			);
			buildRules = (
			);
			dependencies = (
			);
			name = ControlFlowApp;
			productName = ControlFlowApp;
			productReference = B6B274ED25279B680027C839 /* ControlFlowApp.app */;
			productType = "com.apple.product-type.application";
		};
		B6B2750225279B6E0027C839 /* ControlFlowAppTests */ = {
			isa = PBXNativeTarget;
			buildConfigurationList = B6B2750F25279B6E0027C839 /* Build configuration list for PBXNativeTarget "ControlFlowAppTests" */;
			buildPhases = (
				B6B274FF25279B6E0027C839 /* Sources */,
				B6B2750025279B6E0027C839 /* Frameworks */,
				B6B2750125279B6E0027C839 /* Resources */,
			);
			buildRules = (
			);
			dependencies = (
				B6B2750525279B6E0027C839 /* PBXTargetDependency */,
			);
			name = ControlFlowAppTests;
			productName = ControlFlowAppTests;
			productReference = B6B2750325279B6E0027C839 /* ControlFlowAppTests.xctest */;
			productType = "com.apple.product-type.bundle.unit-test";
		};
/* End PBXNativeTarget section */

/* Begin PBXProject section */
		B6B274E525279B680027C839 /* Project object */ = {
			isa = PBXProject;
			attributes = {
				LastSwiftUpdateCheck = 1130;
				LastUpgradeCheck = 1130;
				ORGANIZATIONNAME = "KM LTD";
				TargetAttributes = {
					B6B274EC25279B680027C839 = {
						CreatedOnToolsVersion = 11.3.1;
					};
					B6B2750225279B6E0027C839 = {
						CreatedOnToolsVersion = 11.3.1;
						TestTargetID = B6B274EC25279B680027C839;
					};
				};
			};
			buildConfigurationList = B6B274E825279B680027C839 /* Build configuration list for PBXProject "ControlFlowApp" */;
			compatibilityVersion = "Xcode 9.3";
			developmentRegion = en;
			hasScannedForEncodings = 0;
			knownRegions = (
				en,
				Base,
			);
			mainGroup = B6B274E425279B680027C839;
			productRefGroup = B6B274EE25279B680027C839 /* Products */;
			projectDirPath = "";
			projectRoot = "";
			targets = (
				B6B274EC25279B680027C839 /* ControlFlowApp */,
				B6B2750225279B6E0027C839 /* ControlFlowAppTests */,
			);
		};
/* End PBXProject section */

/* Begin PBXResourcesBuildPhase section */
		B6B274EB25279B680027C839 /* Resources */ = {
			isa = PBXResourcesBuildPhase;
			buildActionMask = 2147483647;
			files = (
				B6B274FD25279B6E0027C839 /* LaunchScreen.storyboard in Resources */,
				B6B274FA25279B6E0027C839 /* Preview Assets.xcassets in Resources */,
				B6B274F725279B6E0027C839 /* Assets.xcassets in Resources */,
			);
			runOnlyForDeploymentPostprocessing = 0;
		};
		B6B2750125279B6E0027C839 /* Resources */ = {
			isa = PBXResourcesBuildPhase;
			buildActionMask = 2147483647;
			files = (
			);
			runOnlyForDeploymentPostprocessing = 0;
		};
/* End PBXResourcesBuildPhase section */

/* Begin PBXSourcesBuildPhase section */
		B6B274E925279B680027C839 /* Sources */ = {
			isa = PBXSourcesBuildPhase;
			buildActionMask = 2147483647;
			files = (
				B6B274F125279B680027C839 /* AppDelegate.swift in Sources */,
				B6B274F325279B680027C839 /* SceneDelegate.swift in Sources */,
				B6B2751325279C7C0027C839 /* ControlFlowAPI.swift in Sources */,
				B6B274F525279B680027C839 /* ContentView.swift in Sources */,
				B6B2751725279D2F0027C839 /* Some.swift in Sources */,
			);
			runOnlyForDeploymentPostprocessing = 0;
		};
		B6B274FF25279B6E0027C839 /* Sources */ = {
			isa = PBXSourcesBuildPhase;
			buildActionMask = 2147483647;
			files = (
				B6B2750825279B6E0027C839 /* ControlFlowAppTests.swift in Sources */,
			);
			runOnlyForDeploymentPostprocessing = 0;
		};
/* End PBXSourcesBuildPhase section */

/* Begin PBXTargetDependency section */
		B6B2750525279B6E0027C839 /* PBXTargetDependency */ = {
			isa = PBXTargetDependency;
			target = B6B274EC25279B680027C839 /* ControlFlowApp */;
			targetProxy = B6B2750425279B6E0027C839 /* PBXContainerItemProxy */;
		};
/* End PBXTargetDependency section */

/* Begin PBXVariantGroup section */
		B6B274FB25279B6E0027C839 /* LaunchScreen.storyboard */ = {
			isa = PBXVariantGroup;
			children = (
				B6B274FC25279B6E0027C839 /* Base */,
			);
			name = LaunchScreen.storyboard;
			sourceTree = "<group>";
		};
/* End PBXVariantGroup section */

/* Begin XCBuildConfiguration section */
		B6B2750A25279B6E0027C839 /* Debug */ = {
			isa = XCBuildConfiguration;
			buildSettings = {
				ALWAYS_SEARCH_USER_PATHS = NO;
				CLANG_ANALYZER_NONNULL = YES;
				CLANG_ANALYZER_NUMBER_OBJECT_CONVERSION = YES_AGGRESSIVE;
				CLANG_CXX_LANGUAGE_STANDARD = "gnu++14";
				CLANG_CXX_LIBRARY = "libc++";
				CLANG_ENABLE_MODULES = YES;
				CLANG_ENABLE_OBJC_ARC = YES;
				CLANG_ENABLE_OBJC_WEAK = YES;
				CLANG_WARN_BLOCK_CAPTURE_AUTORELEASING = YES;
				CLANG_WARN_BOOL_CONVERSION = YES;
				CLANG_WARN_COMMA = YES;
				CLANG_WARN_CONSTANT_CONVERSION = YES;
				CLANG_WARN_DEPRECATED_OBJC_IMPLEMENTATIONS = YES;
				CLANG_WARN_DIRECT_OBJC_ISA_USAGE = YES_ERROR;
				CLANG_WARN_DOCUMENTATION_COMMENTS = YES;
				CLANG_WARN_EMPTY_BODY = YES;
				CLANG_WARN_ENUM_CONVERSION = YES;
				CLANG_WARN_INFINITE_RECURSION = YES;
				CLANG_WARN_INT_CONVERSION = YES;
				CLANG_WARN_NON_LITERAL_NULL_CONVERSION = YES;
				CLANG_WARN_OBJC_IMPLICIT_RETAIN_SELF = YES;
				CLANG_WARN_OBJC_LITERAL_CONVERSION = YES;
				CLANG_WARN_OBJC_ROOT_CLASS = YES_ERROR;
				CLANG_WARN_RANGE_LOOP_ANALYSIS = YES;
				CLANG_WARN_STRICT_PROTOTYPES = YES;
				CLANG_WARN_SUSPICIOUS_MOVE = YES;
				CLANG_WARN_UNGUARDED_AVAILABILITY = YES_AGGRESSIVE;
				CLANG_WARN_UNREACHABLE_CODE = YES;
				CLANG_WARN__DUPLICATE_METHOD_MATCH = YES;
				COPY_PHASE_STRIP = NO;
				DEBUG_INFORMATION_FORMAT = dwarf;
				ENABLE_STRICT_OBJC_MSGSEND = YES;
				ENABLE_TESTABILITY = YES;
				GCC_C_LANGUAGE_STANDARD = gnu11;
				GCC_DYNAMIC_NO_PIC = NO;
				GCC_NO_COMMON_BLOCKS = YES;
				GCC_OPTIMIZATION_LEVEL = 0;
				GCC_PREPROCESSOR_DEFINITIONS = (
					"DEBUG=1",
					"$(inherited)",
				);
				GCC_WARN_64_TO_32_BIT_CONVERSION = YES;
				GCC_WARN_ABOUT_RETURN_TYPE = YES_ERROR;
				GCC_WARN_UNDECLARED_SELECTOR = YES;
				GCC_WARN_UNINITIALIZED_AUTOS = YES_AGGRESSIVE;
				GCC_WARN_UNUSED_FUNCTION = YES;
				GCC_WARN_UNUSED_VARIABLE = YES;
				IPHONEOS_DEPLOYMENT_TARGET = 13.2;
				MTL_ENABLE_DEBUG_INFO = INCLUDE_SOURCE;
				MTL_FAST_MATH = YES;
				ONLY_ACTIVE_ARCH = YES;
				SDKROOT = iphoneos;
				SWIFT_ACTIVE_COMPILATION_CONDITIONS = DEBUG;
				SWIFT_OPTIMIZATION_LEVEL = "-Onone";
			};
			name = Debug;
		};
		B6B2750B25279B6E0027C839 /* Release */ = {
			isa = XCBuildConfiguration;
			buildSettings = {
				ALWAYS_SEARCH_USER_PATHS = NO;
				CLANG_ANALYZER_NONNULL = YES;
				CLANG_ANALYZER_NUMBER_OBJECT_CONVERSION = YES_AGGRESSIVE;
				CLANG_CXX_LANGUAGE_STANDARD = "gnu++14";
				CLANG_CXX_LIBRARY = "libc++";
				CLANG_ENABLE_MODULES = YES;
				CLANG_ENABLE_OBJC_ARC = YES;
				CLANG_ENABLE_OBJC_WEAK = YES;
				CLANG_WARN_BLOCK_CAPTURE_AUTORELEASING = YES;
				CLANG_WARN_BOOL_CONVERSION = YES;
				CLANG_WARN_COMMA = YES;
				CLANG_WARN_CONSTANT_CONVERSION = YES;
				CLANG_WARN_DEPRECATED_OBJC_IMPLEMENTATIONS = YES;
				CLANG_WARN_DIRECT_OBJC_ISA_USAGE = YES_ERROR;
				CLANG_WARN_DOCUMENTATION_COMMENTS = YES;
				CLANG_WARN_EMPTY_BODY = YES;
				CLANG_WARN_ENUM_CONVERSION = YES;
				CLANG_WARN_INFINITE_RECURSION = YES;
				CLANG_WARN_INT_CONVERSION = YES;
				CLANG_WARN_NON_LITERAL_NULL_CONVERSION = YES;
				CLANG_WARN_OBJC_IMPLICIT_RETAIN_SELF = YES;
				CLANG_WARN_OBJC_LITERAL_CONVERSION = YES;
				CLANG_WARN_OBJC_ROOT_CLASS = YES_ERROR;
				CLANG_WARN_RANGE_LOOP_ANALYSIS = YES;
				CLANG_WARN_STRICT_PROTOTYPES = YES;
				CLANG_WARN_SUSPICIOUS_MOVE = YES;
				CLANG_WARN_UNGUARDED_AVAILABILITY = YES_AGGRESSIVE;
				CLANG_WARN_UNREACHABLE_CODE = YES;
				CLANG_WARN__DUPLICATE_METHOD_MATCH = YES;
				COPY_PHASE_STRIP = NO;
				DEBUG_INFORMATION_FORMAT = "dwarf-with-dsym";
				ENABLE_NS_ASSERTIONS = NO;
				ENABLE_STRICT_OBJC_MSGSEND = YES;
				GCC_C_LANGUAGE_STANDARD = gnu11;
				GCC_NO_COMMON_BLOCKS = YES;
				GCC_WARN_64_TO_32_BIT_CONVERSION = YES;
				GCC_WARN_ABOUT_RETURN_TYPE = YES_ERROR;
				GCC_WARN_UNDECLARED_SELECTOR = YES;
				GCC_WARN_UNINITIALIZED_AUTOS = YES_AGGRESSIVE;
				GCC_WARN_UNUSED_FUNCTION = YES;
				GCC_WARN_UNUSED_VARIABLE = YES;
				IPHONEOS_DEPLOYMENT_TARGET = 13.2;
				MTL_ENABLE_DEBUG_INFO = NO;
				MTL_FAST_MATH = YES;
				SDKROOT = iphoneos;
				SWIFT_COMPILATION_MODE = wholemodule;
				SWIFT_OPTIMIZATION_LEVEL = "-O";
				VALIDATE_PRODUCT = YES;
			};
			name = Release;
		};
		B6B2750D25279B6E0027C839 /* Debug */ = {
			isa = XCBuildConfiguration;
			buildSettings = {
				ASSETCATALOG_COMPILER_APPICON_NAME = AppIcon;
				CODE_SIGN_STYLE = Automatic;
				DEVELOPMENT_ASSET_PATHS = "\"ControlFlowApp/Preview Content\"";
				ENABLE_PREVIEWS = YES;
				INFOPLIST_FILE = ControlFlowApp/Info.plist;
				LD_RUNPATH_SEARCH_PATHS = (
					"$(inherited)",
					"@executable_path/Frameworks",
				);
				PRODUCT_BUNDLE_IDENTIFIER = com.km.ControlFlowApp;
				PRODUCT_NAME = "$(TARGET_NAME)";
				SWIFT_VERSION = 5.0;
				TARGETED_DEVICE_FAMILY = "1,2";
			};
			name = Debug;
		};
		B6B2750E25279B6E0027C839 /* Release */ = {
			isa = XCBuildConfiguration;
			buildSettings = {
				ASSETCATALOG_COMPILER_APPICON_NAME = AppIcon;
				CODE_SIGN_STYLE = Automatic;
				DEVELOPMENT_ASSET_PATHS = "\"ControlFlowApp/Preview Content\"";
				ENABLE_PREVIEWS = YES;
				INFOPLIST_FILE = ControlFlowApp/Info.plist;
				LD_RUNPATH_SEARCH_PATHS = (
					"$(inherited)",
					"@executable_path/Frameworks",
				);
				PRODUCT_BUNDLE_IDENTIFIER = com.km.ControlFlowApp;
				PRODUCT_NAME = "$(TARGET_NAME)";
				SWIFT_VERSION = 5.0;
				TARGETED_DEVICE_FAMILY = "1,2";
			};
			name = Release;
		};
		B6B2751025279B6E0027C839 /* Debug */ = {
			isa = XCBuildConfiguration;
			buildSettings = {
				ALWAYS_EMBED_SWIFT_STANDARD_LIBRARIES = YES;
				BUNDLE_LOADER = "$(TEST_HOST)";
				CODE_SIGN_STYLE = Automatic;
				INFOPLIST_FILE = ControlFlowAppTests/Info.plist;
				IPHONEOS_DEPLOYMENT_TARGET = 13.2;
				LD_RUNPATH_SEARCH_PATHS = (
					"$(inherited)",
					"@executable_path/Frameworks",
					"@loader_path/Frameworks",
				);
				PRODUCT_BUNDLE_IDENTIFIER = com.km.ControlFlowAppTests;
				PRODUCT_NAME = "$(TARGET_NAME)";
				SWIFT_VERSION = 5.0;
				TARGETED_DEVICE_FAMILY = "1,2";
				TEST_HOST = "$(BUILT_PRODUCTS_DIR)/ControlFlowApp.app/ControlFlowApp";
			};
			name = Debug;
		};
		B6B2751125279B6E0027C839 /* Release */ = {
			isa = XCBuildConfiguration;
			buildSettings = {
				ALWAYS_EMBED_SWIFT_STANDARD_LIBRARIES = YES;
				BUNDLE_LOADER = "$(TEST_HOST)";
				CODE_SIGN_STYLE = Automatic;
				INFOPLIST_FILE = ControlFlowAppTests/Info.plist;
				IPHONEOS_DEPLOYMENT_TARGET = 13.2;
				LD_RUNPATH_SEARCH_PATHS = (
					"$(inherited)",
					"@executable_path/Frameworks",
					"@loader_path/Frameworks",
				);
				PRODUCT_BUNDLE_IDENTIFIER = com.km.ControlFlowAppTests;
				PRODUCT_NAME = "$(TARGET_NAME)";
				SWIFT_VERSION = 5.0;
				TARGETED_DEVICE_FAMILY = "1,2";
				TEST_HOST = "$(BUILT_PRODUCTS_DIR)/ControlFlowApp.app/ControlFlowApp";
			};
			name = Release;
		};
/* End XCBuildConfiguration section */

/* Begin XCConfigurationList section */
		B6B274E825279B680027C839 /* Build configuration list for PBXProject "ControlFlowApp" */ = {
			isa = XCConfigurationList;
			buildConfigurations = (
				B6B2750A25279B6E0027C839 /* Debug */,
				B6B2750B25279B6E0027C839 /* Release */,
			);
			defaultConfigurationIsVisible = 0;
			defaultConfigurationName = Release;
		};
		B6B2750C25279B6E0027C839 /* Build configuration list for PBXNativeTarget "ControlFlowApp" */ = {
			isa = XCConfigurationList;
			buildConfigurations = (
				B6B2750D25279B6E0027C839 /* Debug */,
				B6B2750E25279B6E0027C839 /* Release */,
			);
			defaultConfigurationIsVisible = 0;
			defaultConfigurationName = Release;
		};
		B6B2750F25279B6E0027C839 /* Build configuration list for PBXNativeTarget "ControlFlowAppTests" */ = {
			isa = XCConfigurationList;
			buildConfigurations = (
				B6B2751025279B6E0027C839 /* Debug */,
				B6B2751125279B6E0027C839 /* Release */,
			);
			defaultConfigurationIsVisible = 0;
			defaultConfigurationName = Release;
		};
/* End XCConfigurationList section */
	};
	rootObject = B6B274E525279B680027C839 /* Project object */;
}
